// !$*UTF8*$!
{
	archiveVersion = 1;
	classes = {
	};
	objectVersion = 46;
	objects = {

/* Begin PBXBuildFile section */
		2A51F1B81B00F2C10049C26B /* AppDelegate.swift in Sources */ = {isa = PBXBuildFile; fileRef = 2A51F1B71B00F2C10049C26B /* AppDelegate.swift */; };
		2A51F1BA1B00F2C10049C26B /* ViewController.swift in Sources */ = {isa = PBXBuildFile; fileRef = 2A51F1B91B00F2C10049C26B /* ViewController.swift */; };
		2A51F1BD1B00F2C10049C26B /* Main.storyboard in Resources */ = {isa = PBXBuildFile; fileRef = 2A51F1BB1B00F2C10049C26B /* Main.storyboard */; };
		2A51F1BF1B00F2C10049C26B /* Images.xcassets in Resources */ = {isa = PBXBuildFile; fileRef = 2A51F1BE1B00F2C10049C26B /* Images.xcassets */; };
		2A51F1C21B00F2C10049C26B /* LaunchScreen.xib in Resources */ = {isa = PBXBuildFile; fileRef = 2A51F1C01B00F2C10049C26B /* LaunchScreen.xib */; };
		2A51F1CE1B00F2C10049C26B /* OutlawsOfTheMarshTests.swift in Sources */ = {isa = PBXBuildFile; fileRef = 2A51F1CD1B00F2C10049C26B /* OutlawsOfTheMarshTests.swift */; };
		2A51F1E01B01B1B00049C26B /* HerosData.json in Resources */ = {isa = PBXBuildFile; fileRef = 2A51F1DF1B01B1B00049C26B /* HerosData.json */; };
		2A51F1E21B0342E90049C26B /* MWHerosTableViewController.swift in Sources */ = {isa = PBXBuildFile; fileRef = 2A51F1E11B0342E90049C26B /* MWHerosTableViewController.swift */; };
		2A51F1E41B0343570049C26B /* MWHerosData.swift in Sources */ = {isa = PBXBuildFile; fileRef = 2A51F1E31B0343570049C26B /* MWHerosData.swift */; };
		2A51F1E61B03436F0049C26B /* MWHerosManager.swift in Sources */ = {isa = PBXBuildFile; fileRef = 2A51F1E51B03436F0049C26B /* MWHerosManager.swift */; };
/* End PBXBuildFile section */

/* Begin PBXContainerItemProxy section */
		2A51F1C81B00F2C10049C26B /* PBXContainerItemProxy */ = {
			isa = PBXContainerItemProxy;
			containerPortal = 2A51F1AA1B00F2C10049C26B /* Project object */;
			proxyType = 1;
			remoteGlobalIDString = 2A51F1B11B00F2C10049C26B;
			remoteInfo = OutlawsOfTheMarsh;
		};
/* End PBXContainerItemProxy section */

/* Begin PBXFileReference section */
		2A51F1B21B00F2C10049C26B /* OutlawsOfTheMarsh.app */ = {isa = PBXFileReference; explicitFileType = wrapper.application; includeInIndex = 0; path = OutlawsOfTheMarsh.app; sourceTree = BUILT_PRODUCTS_DIR; };
		2A51F1B61B00F2C10049C26B /* Info.plist */ = {isa = PBXFileReference; lastKnownFileType = text.plist.xml; path = Info.plist; sourceTree = "<group>"; };
		2A51F1B71B00F2C10049C26B /* AppDelegate.swift */ = {isa = PBXFileReference; lastKnownFileType = sourcecode.swift; path = AppDelegate.swift; sourceTree = "<group>"; };
		2A51F1B91B00F2C10049C26B /* ViewController.swift */ = {isa = PBXFileReference; lastKnownFileType = sourcecode.swift; path = ViewController.swift; sourceTree = "<group>"; };
		2A51F1BC1B00F2C10049C26B /* Base */ = {isa = PBXFileReference; lastKnownFileType = file.storyboard; name = Base; path = Base.lproj/Main.storyboard; sourceTree = "<group>"; };
		2A51F1BE1B00F2C10049C26B /* Images.xcassets */ = {isa = PBXFileReference; lastKnownFileType = folder.assetcatalog; path = Images.xcassets; sourceTree = "<group>"; };
		2A51F1C11B00F2C10049C26B /* Base */ = {isa = PBXFileReference; lastKnownFileType = file.xib; name = Base; path = Base.lproj/LaunchScreen.xib; sourceTree = "<group>"; };
		2A51F1C71B00F2C10049C26B /* OutlawsOfTheMarshTests.xctest */ = {isa = PBXFileReference; explicitFileType = wrapper.cfbundle; includeInIndex = 0; path = OutlawsOfTheMarshTests.xctest; sourceTree = BUILT_PRODUCTS_DIR; };
		2A51F1CC1B00F2C10049C26B /* Info.plist */ = {isa = PBXFileReference; lastKnownFileType = text.plist.xml; path = Info.plist; sourceTree = "<group>"; };
		2A51F1CD1B00F2C10049C26B /* OutlawsOfTheMarshTests.swift */ = {isa = PBXFileReference; lastKnownFileType = sourcecode.swift; path = OutlawsOfTheMarshTests.swift; sourceTree = "<group>"; };
		2A51F1DF1B01B1B00049C26B /* HerosData.json */ = {isa = PBXFileReference; fileEncoding = 4; lastKnownFileType = text.json; path = HerosData.json; sourceTree = "<group>"; };
		2A51F1E11B0342E90049C26B /* MWHerosTableViewController.swift */ = {isa = PBXFileReference; fileEncoding = 4; lastKnownFileType = sourcecode.swift; path = MWHerosTableViewController.swift; sourceTree = "<group>"; };
		2A51F1E31B0343570049C26B /* MWHerosData.swift */ = {isa = PBXFileReference; fileEncoding = 4; lastKnownFileType = sourcecode.swift; path = MWHerosData.swift; sourceTree = "<group>"; };
		2A51F1E51B03436F0049C26B /* MWHerosManager.swift */ = {isa = PBXFileReference; fileEncoding = 4; lastKnownFileType = sourcecode.swift; path = MWHerosManager.swift; sourceTree = "<group>"; };
/* End PBXFileReference section */

/* Begin PBXFrameworksBuildPhase section */
		2A51F1AF1B00F2C10049C26B /* Frameworks */ = {
			isa = PBXFrameworksBuildPhase;
			buildActionMask = 2147483647;
			files = (
			);
			runOnlyForDeploymentPostprocessing = 0;
		};
		2A51F1C41B00F2C10049C26B /* Frameworks */ = {
			isa = PBXFrameworksBuildPhase;
			buildActionMask = 2147483647;
			files = (
			);
			runOnlyForDeploymentPostprocessing = 0;
		};
/* End PBXFrameworksBuildPhase section */

/* Begin PBXGroup section */
		2A51F1A91B00F2C10049C26B = {
			isa = PBXGroup;
			children = (
				2A51F1B41B00F2C10049C26B /* OutlawsOfTheMarsh */,
				2A51F1CA1B00F2C10049C26B /* OutlawsOfTheMarshTests */,
				2A51F1B31B00F2C10049C26B /* Products */,
			);
			sourceTree = "<group>";
		};
		2A51F1B31B00F2C10049C26B /* Products */ = {
			isa = PBXGroup;
			children = (
				2A51F1B21B00F2C10049C26B /* OutlawsOfTheMarsh.app */,
				2A51F1C71B00F2C10049C26B /* OutlawsOfTheMarshTests.xctest */,
			);
			name = Products;
			sourceTree = "<group>";
		};
		2A51F1B41B00F2C10049C26B /* OutlawsOfTheMarsh */ = {
			isa = PBXGroup;
			children = (
				2A51F1B71B00F2C10049C26B /* AppDelegate.swift */,
				2A51F1B91B00F2C10049C26B /* ViewController.swift */,
				2A51F1E11B0342E90049C26B /* MWHerosTableViewController.swift */,
				2A51F1E31B0343570049C26B /* MWHerosData.swift */,
				2A51F1E51B03436F0049C26B /* MWHerosManager.swift */,
				2A51F1BB1B00F2C10049C26B /* Main.storyboard */,
				2A51F1BE1B00F2C10049C26B /* Images.xcassets */,
				2A51F1C01B00F2C10049C26B /* LaunchScreen.xib */,
				2A51F1B51B00F2C10049C26B /* Supporting Files */,
			);
			path = OutlawsOfTheMarsh;
			sourceTree = "<group>";
		};
		2A51F1B51B00F2C10049C26B /* Supporting Files */ = {
			isa = PBXGroup;
			children = (
				2A51F1DF1B01B1B00049C26B /* HerosData.json */,
				2A51F1B61B00F2C10049C26B /* Info.plist */,
			);
			name = "Supporting Files";
			sourceTree = "<group>";
		};
		2A51F1CA1B00F2C10049C26B /* OutlawsOfTheMarshTests */ = {
			isa = PBXGroup;
			children = (
				2A51F1CD1B00F2C10049C26B /* OutlawsOfTheMarshTests.swift */,
				2A51F1CB1B00F2C10049C26B /* Supporting Files */,
			);
			path = OutlawsOfTheMarshTests;
			sourceTree = "<group>";
		};
		2A51F1CB1B00F2C10049C26B /* Supporting Files */ = {
			isa = PBXGroup;
			children = (
				2A51F1CC1B00F2C10049C26B /* Info.plist */,
			);
			name = "Supporting Files";
			sourceTree = "<group>";
		};
/* End PBXGroup section */

/* Begin PBXNativeTarget section */
		2A51F1B11B00F2C10049C26B /* OutlawsOfTheMarsh */ = {
			isa = PBXNativeTarget;
			buildConfigurationList = 2A51F1D11B00F2C10049C26B /* Build configuration list for PBXNativeTarget "OutlawsOfTheMarsh" */;
			buildPhases = (
				2A51F1AE1B00F2C10049C26B /* Sources */,
				2A51F1AF1B00F2C10049C26B /* Frameworks */,
				2A51F1B01B00F2C10049C26B /* Resources */,
			);
			buildRules = (
			);
			dependencies = (
			);
			name = OutlawsOfTheMarsh;
			productName = OutlawsOfTheMarsh;
			productReference = 2A51F1B21B00F2C10049C26B /* OutlawsOfTheMarsh.app */;
			productType = "com.apple.product-type.application";
		};
		2A51F1C61B00F2C10049C26B /* OutlawsOfTheMarshTests */ = {
			isa = PBXNativeTarget;
			buildConfigurationList = 2A51F1D41B00F2C10049C26B /* Build configuration list for PBXNativeTarget "OutlawsOfTheMarshTests" */;
			buildPhases = (
				2A51F1C31B00F2C10049C26B /* Sources */,
				2A51F1C41B00F2C10049C26B /* Frameworks */,
				2A51F1C51B00F2C10049C26B /* Resources */,
			);
			buildRules = (
			);
			dependencies = (
				2A51F1C91B00F2C10049C26B /* PBXTargetDependency */,
			);
			name = OutlawsOfTheMarshTests;
			productName = OutlawsOfTheMarshTests;
			productReference = 2A51F1C71B00F2C10049C26B /* OutlawsOfTheMarshTests.xctest */;
			productType = "com.apple.product-type.bundle.unit-test";
		};
/* End PBXNativeTarget section */

/* Begin PBXProject section */
		2A51F1AA1B00F2C10049C26B /* Project object */ = {
			isa = PBXProject;
			attributes = {
				LastUpgradeCheck = 0630;
				ORGANIZATIONNAME = Murphy;
				TargetAttributes = {
					2A51F1B11B00F2C10049C26B = {
						CreatedOnToolsVersion = 6.3.1;
					};
					2A51F1C61B00F2C10049C26B = {
						CreatedOnToolsVersion = 6.3.1;
						TestTargetID = 2A51F1B11B00F2C10049C26B;
					};
				};
			};
			buildConfigurationList = 2A51F1AD1B00F2C10049C26B /* Build configuration list for PBXProject "OutlawsOfTheMarsh" */;
			compatibilityVersion = "Xcode 3.2";
			developmentRegion = English;
			hasScannedForEncodings = 0;
			knownRegions = (
				en,
				Base,
			);
			mainGroup = 2A51F1A91B00F2C10049C26B;
			productRefGroup = 2A51F1B31B00F2C10049C26B /* Products */;
			projectDirPath = "";
			projectRoot = "";
			targets = (
				2A51F1B11B00F2C10049C26B /* OutlawsOfTheMarsh */,
				2A51F1C61B00F2C10049C26B /* OutlawsOfTheMarshTests */,
			);
		};
/* End PBXProject section */

/* Begin PBXResourcesBuildPhase section */
		2A51F1B01B00F2C10049C26B /* Resources */ = {
			isa = PBXResourcesBuildPhase;
			buildActionMask = 2147483647;
			files = (
				2A51F1BD1B00F2C10049C26B /* Main.storyboard in Resources */,
				2A51F1E01B01B1B00049C26B /* HerosData.json in Resources */,
				2A51F1C21B00F2C10049C26B /* LaunchScreen.xib in Resources */,
				2A51F1BF1B00F2C10049C26B /* Images.xcassets in Resources */,
			);
			runOnlyForDeploymentPostprocessing = 0;
		};
		2A51F1C51B00F2C10049C26B /* Resources */ = {
			isa = PBXResourcesBuildPhase;
			buildActionMask = 2147483647;
			files = (
			);
			runOnlyForDeploymentPostprocessing = 0;
		};
/* End PBXResourcesBuildPhase section */

/* Begin PBXSourcesBuildPhase section */
		2A51F1AE1B00F2C10049C26B /* Sources */ = {
			isa = PBXSourcesBuildPhase;
			buildActionMask = 2147483647;
			files = (
				2A51F1BA1B00F2C10049C26B /* ViewController.swift in Sources */,
				2A51F1E61B03436F0049C26B /* MWHerosManager.swift in Sources */,
				2A51F1B81B00F2C10049C26B /* AppDelegate.swift in Sources */,
				2A51F1E21B0342E90049C26B /* MWHerosTableViewController.swift in Sources */,
				2A51F1E41B0343570049C26B /* MWHerosData.swift in Sources */,
			);
			runOnlyForDeploymentPostprocessing = 0;
		};
		2A51F1C31B00F2C10049C26B /* Sources */ = {
			isa = PBXSourcesBuildPhase;
			buildActionMask = 2147483647;
			files = (
				2A51F1CE1B00F2C10049C26B /* OutlawsOfTheMarshTests.swift in Sources */,
			);
			runOnlyForDeploymentPostprocessing = 0;
		};
/* End PBXSourcesBuildPhase section */

/* Begin PBXTargetDependency section */
		2A51F1C91B00F2C10049C26B /* PBXTargetDependency */ = {
			isa = PBXTargetDependency;
			target = 2A51F1B11B00F2C10049C26B /* OutlawsOfTheMarsh */;
			targetProxy = 2A51F1C81B00F2C10049C26B /* PBXContainerItemProxy */;
		};
/* End PBXTargetDependency section */

/* Begin PBXVariantGroup section */
		2A51F1BB1B00F2C10049C26B /* Main.storyboard */ = {
			isa = PBXVariantGroup;
			children = (
				2A51F1BC1B00F2C10049C26B /* Base */,
			);
			name = Main.storyboard;
			sourceTree = "<group>";
		};
		2A51F1C01B00F2C10049C26B /* LaunchScreen.xib */ = {
			isa = PBXVariantGroup;
			children = (
				2A51F1C11B00F2C10049C26B /* Base */,
			);
			name = LaunchScreen.xib;
			sourceTree = "<group>";
		};
/* End PBXVariantGroup section */

/* Begin XCBuildConfiguration section */
		2A51F1CF1B00F2C10049C26B /* Debug */ = {
			isa = XCBuildConfiguration;
			buildSettings = {
				ALWAYS_SEARCH_USER_PATHS = NO;
				CLANG_CXX_LANGUAGE_STANDARD = "gnu++0x";
				CLANG_CXX_LIBRARY = "libc++";
				CLANG_ENABLE_MODULES = YES;
				CLANG_ENABLE_OBJC_ARC = YES;
				CLANG_WARN_BOOL_CONVERSION = YES;
				CLANG_WARN_CONSTANT_CONVERSION = YES;
				CLANG_WARN_DIRECT_OBJC_ISA_USAGE = YES_ERROR;
				CLANG_WARN_EMPTY_BODY = YES;
				CLANG_WARN_ENUM_CONVERSION = YES;
				CLANG_WARN_INT_CONVERSION = YES;
				CLANG_WARN_OBJC_ROOT_CLASS = YES_ERROR;
				CLANG_WARN_UNREACHABLE_CODE = YES;
				CLANG_WARN__DUPLICATE_METHOD_MATCH = YES;
				"CODE_SIGN_IDENTITY[sdk=iphoneos*]" = "iPhone Developer";
				COPY_PHASE_STRIP = NO;
				DEBUG_INFORMATION_FORMAT = "dwarf-with-dsym";
				ENABLE_STRICT_OBJC_MSGSEND = YES;
				GCC_C_LANGUAGE_STANDARD = gnu99;
				GCC_DYNAMIC_NO_PIC = NO;
				GCC_NO_COMMON_BLOCKS = YES;
				GCC_OPTIMIZATION_LEVEL = 0;
				GCC_PREPROCESSOR_DEFINITIONS = (
					"DEBUG=1",
					"$(inherited)",
				);
				GCC_SYMBOLS_PRIVATE_EXTERN = NO;
				GCC_WARN_64_TO_32_BIT_CONVERSION = YES;
				GCC_WARN_ABOUT_RETURN_TYPE = YES_ERROR;
				GCC_WARN_UNDECLARED_SELECTOR = YES;
				GCC_WARN_UNINITIALIZED_AUTOS = YES_AGGRESSIVE;
				GCC_WARN_UNUSED_FUNCTION = YES;
				GCC_WARN_UNUSED_VARIABLE = YES;
				IPHONEOS_DEPLOYMENT_TARGET = 8.3;
				MTL_ENABLE_DEBUG_INFO = YES;
				ONLY_ACTIVE_ARCH = YES;
				SDKROOT = iphoneos;
				SWIFT_OPTIMIZATION_LEVEL = "-Onone";
				TARGETED_DEVICE_FAMILY = "1,2";
			};
			name = Debug;
		};
		2A51F1D01B00F2C10049C26B /* Release */ = {
			isa = XCBuildConfiguration;
			buildSettings = {
				ALWAYS_SEARCH_USER_PATHS = NO;
				CLANG_CXX_LANGUAGE_STANDARD = "gnu++0x";
				CLANG_CXX_LIBRARY = "libc++";
				CLANG_ENABLE_MODULES = YES;
				CLANG_ENABLE_OBJC_ARC = YES;
				CLANG_WARN_BOOL_CONVERSION = YES;
				CLANG_WARN_CONSTANT_CONVERSION = YES;
				CLANG_WARN_DIRECT_OBJC_ISA_USAGE = YES_ERROR;
				CLANG_WARN_EMPTY_BODY = YES;
				CLANG_WARN_ENUM_CONVERSION = YES;
				CLANG_WARN_INT_CONVERSION = YES;
				CLANG_WARN_OBJC_ROOT_CLASS = YES_ERROR;
				CLANG_WARN_UNREACHABLE_CODE = YES;
				CLANG_WARN__DUPLICATE_METHOD_MATCH = YES;
				"CODE_SIGN_IDENTITY[sdk=iphoneos*]" = "iPhone Developer";
				COPY_PHASE_STRIP = NO;
				DEBUG_INFORMATION_FORMAT = "dwarf-with-dsym";
				ENABLE_NS_ASSERTIONS = NO;
				ENABLE_STRICT_OBJC_MSGSEND = YES;
				GCC_C_LANGUAGE_STANDARD = gnu99;
				GCC_NO_COMMON_BLOCKS = YES;
				GCC_WARN_64_TO_32_BIT_CONVERSION = YES;
				GCC_WARN_ABOUT_RETURN_TYPE = YES_ERROR;
				GCC_WARN_UNDECLARED_SELECTOR = YES;
				GCC_WARN_UNINITIALIZED_AUTOS = YES_AGGRESSIVE;
				GCC_WARN_UNUSED_FUNCTION = YES;
				GCC_WARN_UNUSED_VARIABLE = YES;
				IPHONEOS_DEPLOYMENT_TARGET = 8.3;
				MTL_ENABLE_DEBUG_INFO = NO;
				SDKROOT = iphoneos;
				TARGETED_DEVICE_FAMILY = "1,2";
				VALIDATE_PRODUCT = YES;
			};
			name = Release;
		};
		2A51F1D21B00F2C10049C26B /* Debug */ = {
			isa = XCBuildConfiguration;
			buildSettings = {
				ASSETCATALOG_COMPILER_APPICON_NAME = AppIcon;
				INFOPLIST_FILE = OutlawsOfTheMarsh/Info.plist;
				LD_RUNPATH_SEARCH_PATHS = "$(inherited) @executable_path/Frameworks";
				PRODUCT_NAME = "$(TARGET_NAME)";
			};
			name = Debug;
		};
		2A51F1D31B00F2C10049C26B /* Release */ = {
			isa = XCBuildConfiguration;
			buildSettings = {
				ASSETCATALOG_COMPILER_APPICON_NAME = AppIcon;
				INFOPLIST_FILE = OutlawsOfTheMarsh/Info.plist;
				LD_RUNPATH_SEARCH_PATHS = "$(inherited) @executable_path/Frameworks";
				PRODUCT_NAME = "$(TARGET_NAME)";
			};
			name = Release;
		};
		2A51F1D51B00F2C10049C26B /* Debug */ = {
			isa = XCBuildConfiguration;
			buildSettings = {
				BUNDLE_LOADER = "$(TEST_HOST)";
				FRAMEWORK_SEARCH_PATHS = (
					"$(SDKROOT)/Developer/Library/Frameworks",
					"$(inherited)",
				);
				GCC_PREPROCESSOR_DEFINITIONS = (
					"DEBUG=1",
					"$(inherited)",
				);
				INFOPLIST_FILE = OutlawsOfTheMarshTests/Info.plist;
				LD_RUNPATH_SEARCH_PATHS = "$(inherited) @executable_path/Frameworks @loader_path/Frameworks";
				PRODUCT_NAME = "$(TARGET_NAME)";
				TEST_HOST = "$(BUILT_PRODUCTS_DIR)/OutlawsOfTheMarsh.app/OutlawsOfTheMarsh";
			};
			name = Debug;
		};
		2A51F1D61B00F2C10049C26B /* Release */ = {
			isa = XCBuildConfiguration;
			buildSettings = {
				BUNDLE_LOADER = "$(TEST_HOST)";
				FRAMEWORK_SEARCH_PATHS = (
					"$(SDKROOT)/Developer/Library/Frameworks",
					"$(inherited)",
				);
				INFOPLIST_FILE = OutlawsOfTheMarshTests/Info.plist;
				LD_RUNPATH_SEARCH_PATHS = "$(inherited) @executable_path/Frameworks @loader_path/Frameworks";
				PRODUCT_NAME = "$(TARGET_NAME)";
				TEST_HOST = "$(BUILT_PRODUCTS_DIR)/OutlawsOfTheMarsh.app/OutlawsOfTheMarsh";
			};
			name = Release;
		};
/* End XCBuildConfiguration section */

/* Begin XCConfigurationList section */
		2A51F1AD1B00F2C10049C26B /* Build configuration list for PBXProject "OutlawsOfTheMarsh" */ = {
			isa = XCConfigurationList;
			buildConfigurations = (
				2A51F1CF1B00F2C10049C26B /* Debug */,
				2A51F1D01B00F2C10049C26B /* Release */,
			);
			defaultConfigurationIsVisible = 0;
			defaultConfigurationName = Release;
		};
		2A51F1D11B00F2C10049C26B /* Build configuration list for PBXNativeTarget "OutlawsOfTheMarsh" */ = {
			isa = XCConfigurationList;
			buildConfigurations = (
				2A51F1D21B00F2C10049C26B /* Debug */,
				2A51F1D31B00F2C10049C26B /* Release */,
			);
			defaultConfigurationIsVisible = 0;
			defaultConfigurationName = Release;
		};
		2A51F1D41B00F2C10049C26B /* Build configuration list for PBXNativeTarget "OutlawsOfTheMarshTests" */ = {
			isa = XCConfigurationList;
			buildConfigurations = (
				2A51F1D51B00F2C10049C26B /* Debug */,
				2A51F1D61B00F2C10049C26B /* Release */,
			);
			defaultConfigurationIsVisible = 0;
			defaultConfigurationName = Release;
		};
/* End XCConfigurationList section */
	};
	rootObject = 2A51F1AA1B00F2C10049C26B /* Project object */;
}
